Microsoft Visual Studio Solution File, Format Version 12.00
# Visual Studio 15
Project("{2150E333-8FDC-42A3-9474-1A3956D46DE8}") = "CMake", "CMake", "{4CF44F84-1099-3623-B219-6C813082DBF9}"
EndProject
Project("{2150E333-8FDC-42A3-9474-1A3956D46DE8}") = "SFML", "SFML", "{EBE8930C-851A-3A00-80C4-677841DA41B4}"
EndProject
Project("{8BC9CEB8-8B4A-11D0-8D11-00A0C91BC942}") = "ALL_BUILD", "ALL_BUILD.vcxproj", "{8E6401F4-B9C8-3CC3-9938-7454EEC1BBD1}"
	ProjectSection(ProjectDependencies) = postProject
		{AC7A3277-518C-300C-B074-5390688D4838} = {AC7A3277-518C-300C-B074-5390688D4838}
		{934B1E5E-991A-39EB-9E0C-9737F0CC70C0} = {934B1E5E-991A-39EB-9E0C-9737F0CC70C0}
		{EB3FA458-7237-3D00-A73E-F6857FC7221E} = {EB3FA458-7237-3D00-A73E-F6857FC7221E}
		{D0A589B4-3359-36D1-860C-DDBDA6F1F645} = {D0A589B4-3359-36D1-860C-DDBDA6F1F645}
		{57CF8F93-447B-3516-9ECC-40206FE4977C} = {57CF8F93-447B-3516-9ECC-40206FE4977C}
		{6EC9F428-CE1F-3BDC-AC3C-C10FDB62A7B4} = {6EC9F428-CE1F-3BDC-AC3C-C10FDB62A7B4}
		{4753E367-DAE1-3C26-B0B2-582CC43C4332} = {4753E367-DAE1-3C26-B0B2-582CC43C4332}
	EndProjectSection
EndProject
Project("{8BC9CEB8-8B4A-11D0-8D11-00A0C91BC942}") = "INSTALL", "INSTALL.vcxproj", "{E24D0AE8-D3DC-32FD-8C4B-15F9EEBDEBA5}"
	ProjectSection(ProjectDependencies) = postProject
		{8E6401F4-B9C8-3CC3-9938-7454EEC1BBD1} = {8E6401F4-B9C8-3CC3-9938-7454EEC1BBD1}
		{AC7A3277-518C-300C-B074-5390688D4838} = {AC7A3277-518C-300C-B074-5390688D4838}
	EndProjectSection
EndProject
Project("{8BC9CEB8-8B4A-11D0-8D11-00A0C91BC942}") = "ZERO_CHECK", "ZERO_CHECK.vcxproj", "{AC7A3277-518C-300C-B074-5390688D4838}"
	ProjectSection(ProjectDependencies) = postProject
	EndProjectSection
EndProject
Project("{8BC9CEB8-8B4A-11D0-8D11-00A0C91BC942}") = "sfml-audio", "src\SFML\Audio\sfml-audio.vcxproj", "{934B1E5E-991A-39EB-9E0C-9737F0CC70C0}"
	ProjectSection(ProjectDependencies) = postProject
		{AC7A3277-518C-300C-B074-5390688D4838} = {AC7A3277-518C-300C-B074-5390688D4838}
		{6EC9F428-CE1F-3BDC-AC3C-C10FDB62A7B4} = {6EC9F428-CE1F-3BDC-AC3C-C10FDB62A7B4}
	EndProjectSection
EndProject
Project("{8BC9CEB8-8B4A-11D0-8D11-00A0C91BC942}") = "sfml-graphics", "src\SFML\Graphics\sfml-graphics.vcxproj", "{EB3FA458-7237-3D00-A73E-F6857FC7221E}"
	ProjectSection(ProjectDependencies) = postProject
		{AC7A3277-518C-300C-B074-5390688D4838} = {AC7A3277-518C-300C-B074-5390688D4838}
		{6EC9F428-CE1F-3BDC-AC3C-C10FDB62A7B4} = {6EC9F428-CE1F-3BDC-AC3C-C10FDB62A7B4}
		{4753E367-DAE1-3C26-B0B2-582CC43C4332} = {4753E367-DAE1-3C26-B0B2-582CC43C4332}
	EndProjectSection
EndProject
Project("{8BC9CEB8-8B4A-11D0-8D11-00A0C91BC942}") = "sfml-main", "src\SFML\Main\sfml-main.vcxproj", "{D0A589B4-3359-36D1-860C-DDBDA6F1F645}"
	ProjectSection(ProjectDependencies) = postProject
		{AC7A3277-518C-300C-B074-5390688D4838} = {AC7A3277-518C-300C-B074-5390688D4838}
	EndProjectSection
EndProject
Project("{8BC9CEB8-8B4A-11D0-8D11-00A0C91BC942}") = "sfml-network", "src\SFML\Network\sfml-network.vcxproj", "{57CF8F93-447B-3516-9ECC-40206FE4977C}"
	ProjectSection(ProjectDependencies) = postProject
		{AC7A3277-518C-300C-B074-5390688D4838} = {AC7A3277-518C-300C-B074-5390688D4838}
		{6EC9F428-CE1F-3BDC-AC3C-C10FDB62A7B4} = {6EC9F428-CE1F-3BDC-AC3C-C10FDB62A7B4}
	EndProjectSection
EndProject
Project("{8BC9CEB8-8B4A-11D0-8D11-00A0C91BC942}") = "sfml-system", "src\SFML\System\sfml-system.vcxproj", "{6EC9F428-CE1F-3BDC-AC3C-C10FDB62A7B4}"
	ProjectSection(ProjectDependencies) = postProject
		{AC7A3277-518C-300C-B074-5390688D4838} = {AC7A3277-518C-300C-B074-5390688D4838}
	EndProjectSection
EndProject
Project("{8BC9CEB8-8B4A-11D0-8D11-00A0C91BC942}") = "sfml-window", "src\SFML\Window\sfml-window.vcxproj", "{4753E367-DAE1-3C26-B0B2-582CC43C4332}"
	ProjectSection(ProjectDependencies) = postProject
		{AC7A3277-518C-300C-B074-5390688D4838} = {AC7A3277-518C-300C-B074-5390688D4838}
		{6EC9F428-CE1F-3BDC-AC3C-C10FDB62A7B4} = {6EC9F428-CE1F-3BDC-AC3C-C10FDB62A7B4}
	EndProjectSection
EndProject
Global
	GlobalSection(SolutionConfigurationPlatforms) = preSolution
		Debug|x64 = Debug|x64
		Release|x64 = Release|x64
		MinSizeRel|x64 = MinSizeRel|x64
		RelWithDebInfo|x64 = RelWithDebInfo|x64
	EndGlobalSection
	GlobalSection(ProjectConfigurationPlatforms) = postSolution
		{8E6401F4-B9C8-3CC3-9938-7454EEC1BBD1}.Debug|x64.ActiveCfg = Debug|x64
		{8E6401F4-B9C8-3CC3-9938-7454EEC1BBD1}.Debug|x64.Build.0 = Debug|x64
		{8E6401F4-B9C8-3CC3-9938-7454EEC1BBD1}.Release|x64.ActiveCfg = Release|x64
		{8E6401F4-B9C8-3CC3-9938-7454EEC1BBD1}.Release|x64.Build.0 = Release|x64
		{8E6401F4-B9C8-3CC3-9938-7454EEC1BBD1}.MinSizeRel|x64.ActiveCfg = MinSizeRel|x64
		{8E6401F4-B9C8-3CC3-9938-7454EEC1BBD1}.MinSizeRel|x64.Build.0 = MinSizeRel|x64
		{8E6401F4-B9C8-3CC3-9938-7454EEC1BBD1}.RelWithDebInfo|x64.ActiveCfg = RelWithDebInfo|x64
		{8E6401F4-B9C8-3CC3-9938-7454EEC1BBD1}.RelWithDebInfo|x64.Build.0 = RelWithDebInfo|x64
		{E24D0AE8-D3DC-32FD-8C4B-15F9EEBDEBA5}.Debug|x64.ActiveCfg = Debug|x64
		{E24D0AE8-D3DC-32FD-8C4B-15F9EEBDEBA5}.Release|x64.ActiveCfg = Release|x64
		{E24D0AE8-D3DC-32FD-8C4B-15F9EEBDEBA5}.MinSizeRel|x64.ActiveCfg = MinSizeRel|x64
		{E24D0AE8-D3DC-32FD-8C4B-15F9EEBDEBA5}.RelWithDebInfo|x64.ActiveCfg = RelWithDebInfo|x64
		{AC7A3277-518C-300C-B074-5390688D4838}.Debug|x64.ActiveCfg = Debug|x64
		{AC7A3277-518C-300C-B074-5390688D4838}.Debug|x64.Build.0 = Debug|x64
		{AC7A3277-518C-300C-B074-5390688D4838}.Release|x64.ActiveCfg = Release|x64
		{AC7A3277-518C-300C-B074-5390688D4838}.Release|x64.Build.0 = Release|x64
		{AC7A3277-518C-300C-B074-5390688D4838}.MinSizeRel|x64.ActiveCfg = MinSizeRel|x64
		{AC7A3277-518C-300C-B074-5390688D4838}.MinSizeRel|x64.Build.0 = MinSizeRel|x64
		{AC7A3277-518C-300C-B074-5390688D4838}.RelWithDebInfo|x64.ActiveCfg = RelWithDebInfo|x64
		{AC7A3277-518C-300C-B074-5390688D4838}.RelWithDebInfo|x64.Build.0 = RelWithDebInfo|x64
		{934B1E5E-991A-39EB-9E0C-9737F0CC70C0}.Debug|x64.ActiveCfg = Debug|x64
		{934B1E5E-991A-39EB-9E0C-9737F0CC70C0}.Debug|x64.Build.0 = Debug|x64
		{934B1E5E-991A-39EB-9E0C-9737F0CC70C0}.Release|x64.ActiveCfg = Release|x64
		{934B1E5E-991A-39EB-9E0C-9737F0CC70C0}.Release|x64.Build.0 = Release|x64
		{934B1E5E-991A-39EB-9E0C-9737F0CC70C0}.MinSizeRel|x64.ActiveCfg = MinSizeRel|x64
		{934B1E5E-991A-39EB-9E0C-9737F0CC70C0}.MinSizeRel|x64.Build.0 = MinSizeRel|x64
		{934B1E5E-991A-39EB-9E0C-9737F0CC70C0}.RelWithDebInfo|x64.ActiveCfg = RelWithDebInfo|x64
		{934B1E5E-991A-39EB-9E0C-9737F0CC70C0}.RelWithDebInfo|x64.Build.0 = RelWithDebInfo|x64
		{EB3FA458-7237-3D00-A73E-F6857FC7221E}.Debug|x64.ActiveCfg = Debug|x64
		{EB3FA458-7237-3D00-A73E-F6857FC7221E}.Debug|x64.Build.0 = Debug|x64
		{EB3FA458-7237-3D00-A73E-F6857FC7221E}.Release|x64.ActiveCfg = Release|x64
		{EB3FA458-7237-3D00-A73E-F6857FC7221E}.Release|x64.Build.0 = Release|x64
		{EB3FA458-7237-3D00-A73E-F6857FC7221E}.MinSizeRel|x64.ActiveCfg = MinSizeRel|x64
		{EB3FA458-7237-3D00-A73E-F6857FC7221E}.MinSizeRel|x64.Build.0 = MinSizeRel|x64
		{EB3FA458-7237-3D00-A73E-F6857FC7221E}.RelWithDebInfo|x64.ActiveCfg = RelWithDebInfo|x64
		{EB3FA458-7237-3D00-A73E-F6857FC7221E}.RelWithDebInfo|x64.Build.0 = RelWithDebInfo|x64
		{D0A589B4-3359-36D1-860C-DDBDA6F1F645}.Debug|x64.ActiveCfg = Debug|x64
		{D0A589B4-3359-36D1-860C-DDBDA6F1F645}.Debug|x64.Build.0 = Debug|x64
		{D0A589B4-3359-36D1-860C-DDBDA6F1F645}.Release|x64.ActiveCfg = Release|x64
		{D0A589B4-3359-36D1-860C-DDBDA6F1F645}.Release|x64.Build.0 = Release|x64
		{D0A589B4-3359-36D1-860C-DDBDA6F1F645}.MinSizeRel|x64.ActiveCfg = MinSizeRel|x64
		{D0A589B4-3359-36D1-860C-DDBDA6F1F645}.MinSizeRel|x64.Build.0 = MinSizeRel|x64
		{D0A589B4-3359-36D1-860C-DDBDA6F1F645}.RelWithDebInfo|x64.ActiveCfg = RelWithDebInfo|x64
		{D0A589B4-3359-36D1-860C-DDBDA6F1F645}.RelWithDebInfo|x64.Build.0 = RelWithDebInfo|x64
		{57CF8F93-447B-3516-9ECC-40206FE4977C}.Debug|x64.ActiveCfg = Debug|x64
		{57CF8F93-447B-3516-9ECC-40206FE4977C}.Debug|x64.Build.0 = Debug|x64
		{57CF8F93-447B-3516-9ECC-40206FE4977C}.Release|x64.ActiveCfg = Release|x64
		{57CF8F93-447B-3516-9ECC-40206FE4977C}.Release|x64.Build.0 = Release|x64
		{57CF8F93-447B-3516-9ECC-40206FE4977C}.MinSizeRel|x64.ActiveCfg = MinSizeRel|x64
		{57CF8F93-447B-3516-9ECC-40206FE4977C}.MinSizeRel|x64.Build.0 = MinSizeRel|x64
		{57CF8F93-447B-3516-9ECC-40206FE4977C}.RelWithDebInfo|x64.ActiveCfg = RelWithDebInfo|x64
		{57CF8F93-447B-3516-9ECC-40206FE4977C}.RelWithDebInfo|x64.Build.0 = RelWithDebInfo|x64
		{6EC9F428-CE1F-3BDC-AC3C-C10FDB62A7B4}.Debug|x64.ActiveCfg = Debug|x64
		{6EC9F428-CE1F-3BDC-AC3C-C10FDB62A7B4}.Debug|x64.Build.0 = Debug|x64
		{6EC9F428-CE1F-3BDC-AC3C-C10FDB62A7B4}.Release|x64.ActiveCfg = Release|x64
		{6EC9F428-CE1F-3BDC-AC3C-C10FDB62A7B4}.Release|x64.Build.0 = Release|x64
		{6EC9F428-CE1F-3BDC-AC3C-C10FDB62A7B4}.MinSizeRel|x64.ActiveCfg = MinSizeRel|x64
		{6EC9F428-CE1F-3BDC-AC3C-C10FDB62A7B4}.MinSizeRel|x64.Build.0 = MinSizeRel|x64
		{6EC9F428-CE1F-3BDC-AC3C-C10FDB62A7B4}.RelWithDebInfo|x64.ActiveCfg = RelWithDebInfo|x64
		{6EC9F428-CE1F-3BDC-AC3C-C10FDB62A7B4}.RelWithDebInfo|x64.Build.0 = RelWithDebInfo|x64
		{4753E367-DAE1-3C26-B0B2-582CC43C4332}.Debug|x64.ActiveCfg = Debug|x64
		{4753E367-DAE1-3C26-B0B2-582CC43C4332}.Debug|x64.Build.0 = Debug|x64
		{4753E367-DAE1-3C26-B0B2-582CC43C4332}.Release|x64.ActiveCfg = Release|x64
		{4753E367-DAE1-3C26-B0B2-582CC43C4332}.Release|x64.Build.0 = Release|x64
		{4753E367-DAE1-3C26-B0B2-582CC43C4332}.MinSizeRel|x64.ActiveCfg = MinSizeRel|x64
		{4753E367-DAE1-3C26-B0B2-582CC43C4332}.MinSizeRel|x64.Build.0 = MinSizeRel|x64
		{4753E367-DAE1-3C26-B0B2-582CC43C4332}.RelWithDebInfo|x64.ActiveCfg = RelWithDebInfo|x64
		{4753E367-DAE1-3C26-B0B2-582CC43C4332}.RelWithDebInfo|x64.Build.0 = RelWithDebInfo|x64
	EndGlobalSection
	GlobalSection(NestedProjects) = preSolution
		{8E6401F4-B9C8-3CC3-9938-7454EEC1BBD1} = {4CF44F84-1099-3623-B219-6C813082DBF9}
		{E24D0AE8-D3DC-32FD-8C4B-15F9EEBDEBA5} = {4CF44F84-1099-3623-B219-6C813082DBF9}
		{AC7A3277-518C-300C-B074-5390688D4838} = {4CF44F84-1099-3623-B219-6C813082DBF9}
		{934B1E5E-991A-39EB-9E0C-9737F0CC70C0} = {EBE8930C-851A-3A00-80C4-677841DA41B4}
		{EB3FA458-7237-3D00-A73E-F6857FC7221E} = {EBE8930C-851A-3A00-80C4-677841DA41B4}
		{D0A589B4-3359-36D1-860C-DDBDA6F1F645} = {EBE8930C-851A-3A00-80C4-677841DA41B4}
		{57CF8F93-447B-3516-9ECC-40206FE4977C} = {EBE8930C-851A-3A00-80C4-677841DA41B4}
		{6EC9F428-CE1F-3BDC-AC3C-C10FDB62A7B4} = {EBE8930C-851A-3A00-80C4-677841DA41B4}
		{4753E367-DAE1-3C26-B0B2-582CC43C4332} = {EBE8930C-851A-3A00-80C4-677841DA41B4}
	EndGlobalSection
	GlobalSection(ExtensibilityGlobals) = postSolution
		SolutionGuid = {013DE85D-1B4F-3296-8348-228DA69A0075}
	EndGlobalSection
	GlobalSection(ExtensibilityAddIns) = postSolution
	EndGlobalSection
EndGlobal
