<?xml version="1.0" encoding="utf-8"?>
<Project ToolsVersion="15.0" xmlns="http://schemas.microsoft.com/developer/msbuild/2003">
  <ItemGroup>
    <CustomBuild Include="D:\repos\SFML\CMakeFiles\190a2e39124a49f68e71e07e3bb5fdea\INSTALL_force.rule">
      <Filter>CMake Rules</Filter>
    </CustomBuild>
  </ItemGroup>
  <ItemGroup>
    <Filter Include="CMake Rules">
      <UniqueIdentifier>{3D1AB4EA-6ACA-36CF-8EF9-3556BCBE26D4}</UniqueIdentifier>
    </Filter>
  </ItemGroup>
</Project>
